
Microsoft Visual Studio Solution File, Format Version 12.00
# Visual Studio Version 16
VisualStudioVersion = 16.0.33927.289
MinimumVisualStudioVersion = 10.0.40219.1
Project("{2150E333-8FDC-42A3-9474-1A3956D46DE8}") = "Task0", "Task0", "{80FB2BA1-97FA-43B2-90FC-462C3963D94E}"
EndProject
Project("{FAE04EC0-301F-11D3-BF4B-00C04F79EFBC}") = "Tyuiu.KoptyaevRS.Sprint5.Task0.V30", "Tyuiu.KoptyaevRS.Sprint5.Task0.V30\Tyuiu.KoptyaevRS.Sprint5.Task0.V30.csproj", "{C361EA21-50EC-443B-948D-538AF69EA4CE}"
EndProject
Project("{FAE04EC0-301F-11D3-BF4B-00C04F79EFBC}") = "Tyuiu.KoptyaevRS.Sprint5.Task0.V30.Lib", "Tyuiu.KoptyaevRS.Sprint5.Task0.V30.Lib\Tyuiu.KoptyaevRS.Sprint5.Task0.V30.Lib.csproj", "{D7AFE1CE-86C8-463E-87AD-A88FC615F194}"
EndProject
Project("{FAE04EC0-301F-11D3-BF4B-00C04F79EFBC}") = "Tyuiu.KoptyaevRS.Sprint5.Task0.V30.Test", "Tyuiu.KoptyaevRS.Sprint5.Task0.V30.Test\Tyuiu.KoptyaevRS.Sprint5.Task0.V30.Test.csproj", "{3146BF7B-0168-4022-B55E-8B85664E9ABE}"
EndProject
Project("{2150E333-8FDC-42A3-9474-1A3956D46DE8}") = "Task1", "Task1", "{010FA171-036B-49EA-AF8A-3390A286BB08}"
EndProject
Project("{FAE04EC0-301F-11D3-BF4B-00C04F79EFBC}") = "Tyuiu.KoptyaevRS.Sprint5.Task1.V12", "Tyuiu.KoptyaevRS.Sprint5.Task1.V12\Tyuiu.KoptyaevRS.Sprint5.Task1.V12.csproj", "{01FEE72A-816A-4C04-8437-27218764AF4C}"
EndProject
Project("{FAE04EC0-301F-11D3-BF4B-00C04F79EFBC}") = "Tyuiu.KoptyaevRS.Sprint5.Task1.V12.Lib", "Tyuiu.KoptyaevRS.Sprint5.Task1.V12.Lib\Tyuiu.KoptyaevRS.Sprint5.Task1.V12.Lib.csproj", "{8AD1F694-00C0-48F1-A62E-BEF6C7191973}"
EndProject
Project("{FAE04EC0-301F-11D3-BF4B-00C04F79EFBC}") = "Tyuiu.KoptyaevRS.Sprint5.Task1.V12.Test", "Tyuiu.KoptyaevRS.Sprint5.Task1.V12.Test\Tyuiu.KoptyaevRS.Sprint5.Task1.V12.Test.csproj", "{3586047D-3A6F-4D03-9313-5EEE12FED889}"
EndProject
Project("{2150E333-8FDC-42A3-9474-1A3956D46DE8}") = "Task2", "Task2", "{36F46923-2A33-4C75-AE68-1179213BDBFE}"
EndProject
Project("{FAE04EC0-301F-11D3-BF4B-00C04F79EFBC}") = "Tyuiu.KoptyaevRS.Sprint5.Task2.V13", "Tyuiu.KoptyaevRS.Sprint5.Task2.V13\Tyuiu.KoptyaevRS.Sprint5.Task2.V13.csproj", "{5F304DC3-3079-4740-93D9-100558787B3C}"
EndProject
Project("{FAE04EC0-301F-11D3-BF4B-00C04F79EFBC}") = "Tyuiu.KoptyaevRS.Sprint5.Task2.V13.Lib", "Tyuiu.KoptyaevRS.Sprint5.Task2.V13.Lib\Tyuiu.KoptyaevRS.Sprint5.Task2.V13.Lib.csproj", "{6F2ECF54-2D74-4AE2-AE67-168508EB440C}"
EndProject
Project("{FAE04EC0-301F-11D3-BF4B-00C04F79EFBC}") = "Tyuiu.KoptyaevRS.Sprint5.Task2.V13.Test", "Tyuiu.KoptyaevRS.Sprint5.Task2.V13.Test\Tyuiu.KoptyaevRS.Sprint5.Task2.V13.Test.csproj", "{D7AFB665-C29C-46F2-80F4-8A1A7786E930}"
EndProject
Project("{2150E333-8FDC-42A3-9474-1A3956D46DE8}") = "Task3", "Task3", "{FFC7BCF7-B978-48F0-96A6-52449EA237EE}"
EndProject
Project("{FAE04EC0-301F-11D3-BF4B-00C04F79EFBC}") = "Tyuiu.KoptyaevRS.Sprint5.Task3.V23", "Tyuiu.KoptyaevRS.Sprint5.Task3.V23\Tyuiu.KoptyaevRS.Sprint5.Task3.V23.csproj", "{D19D5CB1-6D93-4240-8F4C-C890EE79EEFC}"
EndProject
Project("{FAE04EC0-301F-11D3-BF4B-00C04F79EFBC}") = "Tyuiu.KoptyaevRS.Sprint5.Task3.V23.Lib", "Tyuiu.KoptyaevRS.Sprint5.Task3.V23.Lib\Tyuiu.KoptyaevRS.Sprint5.Task3.V23.Lib.csproj", "{08FF8F52-2928-4930-A1BA-9970881E39E7}"
EndProject
Project("{FAE04EC0-301F-11D3-BF4B-00C04F79EFBC}") = "Tyuiu.KoptyaevRS.Sprint5.Task3.V23.Test", "Tyuiu.KoptyaevRS.Sprint5.Task3.V23.Test\Tyuiu.KoptyaevRS.Sprint5.Task3.V23.Test.csproj", "{98794E96-C76F-4CBA-9EB2-010544966A33}"
EndProject
Project("{2150E333-8FDC-42A3-9474-1A3956D46DE8}") = "Task4", "Task4", "{ECE01538-5758-4F69-AB65-754F53D2D432}"
EndProject
Project("{FAE04EC0-301F-11D3-BF4B-00C04F79EFBC}") = "Tyuiu.KoptyaevRS.Sprint5.Task4.V30", "Tyuiu.KoptyaevRS.Sprint5.Task4.V30\Tyuiu.KoptyaevRS.Sprint5.Task4.V30.csproj", "{E328B8BD-AB1F-424D-8BDD-F5E1BB0E6A6F}"
EndProject
Project("{FAE04EC0-301F-11D3-BF4B-00C04F79EFBC}") = "Tyuiu.KoptyaevRS.Sprint5.Task4.V30.Lib", "Tyuiu.KoptyaevRS.Sprint5.Task4.V30.Lib\Tyuiu.KoptyaevRS.Sprint5.Task4.V30.Lib.csproj", "{035E0B5A-777A-4550-A523-B4A8341F95F4}"
EndProject
Project("{FAE04EC0-301F-11D3-BF4B-00C04F79EFBC}") = "Tyuiu.KoptyaevRS.Sprint5.Task4.V30.Test", "Tyuiu.KoptyaevRS.Sprint5.Task4.V30.Test\Tyuiu.KoptyaevRS.Sprint5.Task4.V30.Test.csproj", "{7976C8AE-3A9D-4A99-8D10-352499DDD537}"
EndProject
Project("{2150E333-8FDC-42A3-9474-1A3956D46DE8}") = "Task5", "Task5", "{77FD9EC4-B92A-4C13-A24B-7DEBBCAE303B}"
EndProject
Project("{FAE04EC0-301F-11D3-BF4B-00C04F79EFBC}") = "Tyuiu.KoptyaevRS.Sprint5.Task5.V14", "Tyuiu.KoptyaevRS.Sprint5.Task5.V14\Tyuiu.KoptyaevRS.Sprint5.Task5.V14.csproj", "{5FC406DB-240D-4923-AD47-F015669333BE}"
EndProject
Project("{FAE04EC0-301F-11D3-BF4B-00C04F79EFBC}") = "Tyuiu.KoptyaevRS.Sprint5.Task5.V14.Lib", "Tyuiu.KoptyaevRS.Sprint5.Task5.V14.Lib\Tyuiu.KoptyaevRS.Sprint5.Task5.V14.Lib.csproj", "{6C81B28D-C1E2-4757-9A4D-57F4CF0D9C16}"
EndProject
Project("{FAE04EC0-301F-11D3-BF4B-00C04F79EFBC}") = "Tyuiu.KoptyaevRS.Sprint5.Task5.V14.Test", "Tyuiu.KoptyaevRS.Sprint5.Task5.V14.Test\Tyuiu.KoptyaevRS.Sprint5.Task5.V14.Test.csproj", "{DA54F7F6-6095-4B9C-916E-6606F0474A92}"
EndProject
Project("{2150E333-8FDC-42A3-9474-1A3956D46DE8}") = "Task6", "Task6", "{6252240C-7F10-4B4B-B755-D35D6145913C}"
EndProject
Project("{FAE04EC0-301F-11D3-BF4B-00C04F79EFBC}") = "Tyuiu.KoptyaevRS.Sprint5.Task6.V5", "Tyuiu.KoptyaevRS.Sprint5.Task6.V5\Tyuiu.KoptyaevRS.Sprint5.Task6.V5.csproj", "{E7FF8214-B4F1-4D4D-B3A1-93D5D2E310CC}"
EndProject
Project("{FAE04EC0-301F-11D3-BF4B-00C04F79EFBC}") = "Tyuiu.KoptyaevRS.Sprint5.Task6.V5.Lib", "Tyuiu.KoptyaevRS.Sprint5.Task6.V5.Lib\Tyuiu.KoptyaevRS.Sprint5.Task6.V5.Lib.csproj", "{59020E47-81F5-454E-A07C-23758145BCE4}"
EndProject
Project("{FAE04EC0-301F-11D3-BF4B-00C04F79EFBC}") = "Tyuiu.KoptyaevRS.Sprint5.Task6.V5.Test", "Tyuiu.KoptyaevRS.Sprint5.Task6.V5.Test\Tyuiu.KoptyaevRS.Sprint5.Task6.V5.Test.csproj", "{9164942F-27F8-44D8-B84A-EC9C4B54C9C1}"
EndProject
Global
	GlobalSection(SolutionConfigurationPlatforms) = preSolution
		Debug|Any CPU = Debug|Any CPU
		Release|Any CPU = Release|Any CPU
	EndGlobalSection
	GlobalSection(ProjectConfigurationPlatforms) = postSolution
		{C361EA21-50EC-443B-948D-538AF69EA4CE}.Debug|Any CPU.ActiveCfg = Debug|Any CPU
		{C361EA21-50EC-443B-948D-538AF69EA4CE}.Debug|Any CPU.Build.0 = Debug|Any CPU
		{C361EA21-50EC-443B-948D-538AF69EA4CE}.Release|Any CPU.ActiveCfg = Release|Any CPU
		{C361EA21-50EC-443B-948D-538AF69EA4CE}.Release|Any CPU.Build.0 = Release|Any CPU
		{D7AFE1CE-86C8-463E-87AD-A88FC615F194}.Debug|Any CPU.ActiveCfg = Debug|Any CPU
		{D7AFE1CE-86C8-463E-87AD-A88FC615F194}.Debug|Any CPU.Build.0 = Debug|Any CPU
		{D7AFE1CE-86C8-463E-87AD-A88FC615F194}.Release|Any CPU.ActiveCfg = Release|Any CPU
		{D7AFE1CE-86C8-463E-87AD-A88FC615F194}.Release|Any CPU.Build.0 = Release|Any CPU
		{3146BF7B-0168-4022-B55E-8B85664E9ABE}.Debug|Any CPU.ActiveCfg = Debug|Any CPU
		{3146BF7B-0168-4022-B55E-8B85664E9ABE}.Debug|Any CPU.Build.0 = Debug|Any CPU
		{3146BF7B-0168-4022-B55E-8B85664E9ABE}.Release|Any CPU.ActiveCfg = Release|Any CPU
		{3146BF7B-0168-4022-B55E-8B85664E9ABE}.Release|Any CPU.Build.0 = Release|Any CPU
		{01FEE72A-816A-4C04-8437-27218764AF4C}.Debug|Any CPU.ActiveCfg = Debug|Any CPU
		{01FEE72A-816A-4C04-8437-27218764AF4C}.Debug|Any CPU.Build.0 = Debug|Any CPU
		{01FEE72A-816A-4C04-8437-27218764AF4C}.Release|Any CPU.ActiveCfg = Release|Any CPU
		{01FEE72A-816A-4C04-8437-27218764AF4C}.Release|Any CPU.Build.0 = Release|Any CPU
		{8AD1F694-00C0-48F1-A62E-BEF6C7191973}.Debug|Any CPU.ActiveCfg = Debug|Any CPU
		{8AD1F694-00C0-48F1-A62E-BEF6C7191973}.Debug|Any CPU.Build.0 = Debug|Any CPU
		{8AD1F694-00C0-48F1-A62E-BEF6C7191973}.Release|Any CPU.ActiveCfg = Release|Any CPU
		{8AD1F694-00C0-48F1-A62E-BEF6C7191973}.Release|Any CPU.Build.0 = Release|Any CPU
		{3586047D-3A6F-4D03-9313-5EEE12FED889}.Debug|Any CPU.ActiveCfg = Debug|Any CPU
		{3586047D-3A6F-4D03-9313-5EEE12FED889}.Debug|Any CPU.Build.0 = Debug|Any CPU
		{3586047D-3A6F-4D03-9313-5EEE12FED889}.Release|Any CPU.ActiveCfg = Release|Any CPU
		{3586047D-3A6F-4D03-9313-5EEE12FED889}.Release|Any CPU.Build.0 = Release|Any CPU
		{5F304DC3-3079-4740-93D9-100558787B3C}.Debug|Any CPU.ActiveCfg = Debug|Any CPU
		{5F304DC3-3079-4740-93D9-100558787B3C}.Debug|Any CPU.Build.0 = Debug|Any CPU
		{5F304DC3-3079-4740-93D9-100558787B3C}.Release|Any CPU.ActiveCfg = Release|Any CPU
		{5F304DC3-3079-4740-93D9-100558787B3C}.Release|Any CPU.Build.0 = Release|Any CPU
		{6F2ECF54-2D74-4AE2-AE67-168508EB440C}.Debug|Any CPU.ActiveCfg = Debug|Any CPU
		{6F2ECF54-2D74-4AE2-AE67-168508EB440C}.Debug|Any CPU.Build.0 = Debug|Any CPU
		{6F2ECF54-2D74-4AE2-AE67-168508EB440C}.Release|Any CPU.ActiveCfg = Release|Any CPU
		{6F2ECF54-2D74-4AE2-AE67-168508EB440C}.Release|Any CPU.Build.0 = Release|Any CPU
		{D7AFB665-C29C-46F2-80F4-8A1A7786E930}.Debug|Any CPU.ActiveCfg = Debug|Any CPU
		{D7AFB665-C29C-46F2-80F4-8A1A7786E930}.Debug|Any CPU.Build.0 = Debug|Any CPU
		{D7AFB665-C29C-46F2-80F4-8A1A7786E930}.Release|Any CPU.ActiveCfg = Release|Any CPU
		{D7AFB665-C29C-46F2-80F4-8A1A7786E930}.Release|Any CPU.Build.0 = Release|Any CPU
		{D19D5CB1-6D93-4240-8F4C-C890EE79EEFC}.Debug|Any CPU.ActiveCfg = Debug|Any CPU
		{D19D5CB1-6D93-4240-8F4C-C890EE79EEFC}.Debug|Any CPU.Build.0 = Debug|Any CPU
		{D19D5CB1-6D93-4240-8F4C-C890EE79EEFC}.Release|Any CPU.ActiveCfg = Release|Any CPU
		{D19D5CB1-6D93-4240-8F4C-C890EE79EEFC}.Release|Any CPU.Build.0 = Release|Any CPU
		{08FF8F52-2928-4930-A1BA-9970881E39E7}.Debug|Any CPU.ActiveCfg = Debug|Any CPU
		{08FF8F52-2928-4930-A1BA-9970881E39E7}.Debug|Any CPU.Build.0 = Debug|Any CPU
		{08FF8F52-2928-4930-A1BA-9970881E39E7}.Release|Any CPU.ActiveCfg = Release|Any CPU
		{08FF8F52-2928-4930-A1BA-9970881E39E7}.Release|Any CPU.Build.0 = Release|Any CPU
		{98794E96-C76F-4CBA-9EB2-010544966A33}.Debug|Any CPU.ActiveCfg = Debug|Any CPU
		{98794E96-C76F-4CBA-9EB2-010544966A33}.Debug|Any CPU.Build.0 = Debug|Any CPU
		{98794E96-C76F-4CBA-9EB2-010544966A33}.Release|Any CPU.ActiveCfg = Release|Any CPU
		{98794E96-C76F-4CBA-9EB2-010544966A33}.Release|Any CPU.Build.0 = Release|Any CPU
		{E328B8BD-AB1F-424D-8BDD-F5E1BB0E6A6F}.Debug|Any CPU.ActiveCfg = Debug|Any CPU
		{E328B8BD-AB1F-424D-8BDD-F5E1BB0E6A6F}.Debug|Any CPU.Build.0 = Debug|Any CPU
		{E328B8BD-AB1F-424D-8BDD-F5E1BB0E6A6F}.Release|Any CPU.ActiveCfg = Release|Any CPU
		{E328B8BD-AB1F-424D-8BDD-F5E1BB0E6A6F}.Release|Any CPU.Build.0 = Release|Any CPU
		{035E0B5A-777A-4550-A523-B4A8341F95F4}.Debug|Any CPU.ActiveCfg = Debug|Any CPU
		{035E0B5A-777A-4550-A523-B4A8341F95F4}.Debug|Any CPU.Build.0 = Debug|Any CPU
		{035E0B5A-777A-4550-A523-B4A8341F95F4}.Release|Any CPU.ActiveCfg = Release|Any CPU
		{035E0B5A-777A-4550-A523-B4A8341F95F4}.Release|Any CPU.Build.0 = Release|Any CPU
		{7976C8AE-3A9D-4A99-8D10-352499DDD537}.Debug|Any CPU.ActiveCfg = Debug|Any CPU
		{7976C8AE-3A9D-4A99-8D10-352499DDD537}.Debug|Any CPU.Build.0 = Debug|Any CPU
		{7976C8AE-3A9D-4A99-8D10-352499DDD537}.Release|Any CPU.ActiveCfg = Release|Any CPU
		{7976C8AE-3A9D-4A99-8D10-352499DDD537}.Release|Any CPU.Build.0 = Release|Any CPU
		{5FC406DB-240D-4923-AD47-F015669333BE}.Debug|Any CPU.ActiveCfg = Debug|Any CPU
		{5FC406DB-240D-4923-AD47-F015669333BE}.Debug|Any CPU.Build.0 = Debug|Any CPU
		{5FC406DB-240D-4923-AD47-F015669333BE}.Release|Any CPU.ActiveCfg = Release|Any CPU
		{5FC406DB-240D-4923-AD47-F015669333BE}.Release|Any CPU.Build.0 = Release|Any CPU
		{6C81B28D-C1E2-4757-9A4D-57F4CF0D9C16}.Debug|Any CPU.ActiveCfg = Debug|Any CPU
		{6C81B28D-C1E2-4757-9A4D-57F4CF0D9C16}.Debug|Any CPU.Build.0 = Debug|Any CPU
		{6C81B28D-C1E2-4757-9A4D-57F4CF0D9C16}.Release|Any CPU.ActiveCfg = Release|Any CPU
		{6C81B28D-C1E2-4757-9A4D-57F4CF0D9C16}.Release|Any CPU.Build.0 = Release|Any CPU
		{DA54F7F6-6095-4B9C-916E-6606F0474A92}.Debug|Any CPU.ActiveCfg = Debug|Any CPU
		{DA54F7F6-6095-4B9C-916E-6606F0474A92}.Debug|Any CPU.Build.0 = Debug|Any CPU
		{DA54F7F6-6095-4B9C-916E-6606F0474A92}.Release|Any CPU.ActiveCfg = Release|Any CPU
		{DA54F7F6-6095-4B9C-916E-6606F0474A92}.Release|Any CPU.Build.0 = Release|Any CPU
		{E7FF8214-B4F1-4D4D-B3A1-93D5D2E310CC}.Debug|Any CPU.ActiveCfg = Debug|Any CPU
		{E7FF8214-B4F1-4D4D-B3A1-93D5D2E310CC}.Debug|Any CPU.Build.0 = Debug|Any CPU
		{E7FF8214-B4F1-4D4D-B3A1-93D5D2E310CC}.Release|Any CPU.ActiveCfg = Release|Any CPU
		{E7FF8214-B4F1-4D4D-B3A1-93D5D2E310CC}.Release|Any CPU.Build.0 = Release|Any CPU
		{59020E47-81F5-454E-A07C-23758145BCE4}.Debug|Any CPU.ActiveCfg = Debug|Any CPU
		{59020E47-81F5-454E-A07C-23758145BCE4}.Debug|Any CPU.Build.0 = Debug|Any CPU
		{59020E47-81F5-454E-A07C-23758145BCE4}.Release|Any CPU.ActiveCfg = Release|Any CPU
		{59020E47-81F5-454E-A07C-23758145BCE4}.Release|Any CPU.Build.0 = Release|Any CPU
		{9164942F-27F8-44D8-B84A-EC9C4B54C9C1}.Debug|Any CPU.ActiveCfg = Debug|Any CPU
		{9164942F-27F8-44D8-B84A-EC9C4B54C9C1}.Debug|Any CPU.Build.0 = Debug|Any CPU
		{9164942F-27F8-44D8-B84A-EC9C4B54C9C1}.Release|Any CPU.ActiveCfg = Release|Any CPU
		{9164942F-27F8-44D8-B84A-EC9C4B54C9C1}.Release|Any CPU.Build.0 = Release|Any CPU
	EndGlobalSection
	GlobalSection(SolutionProperties) = preSolution
		HideSolutionNode = FALSE
	EndGlobalSection
	GlobalSection(NestedProjects) = preSolution
		{C361EA21-50EC-443B-948D-538AF69EA4CE} = {80FB2BA1-97FA-43B2-90FC-462C3963D94E}
		{D7AFE1CE-86C8-463E-87AD-A88FC615F194} = {80FB2BA1-97FA-43B2-90FC-462C3963D94E}
		{3146BF7B-0168-4022-B55E-8B85664E9ABE} = {80FB2BA1-97FA-43B2-90FC-462C3963D94E}
		{01FEE72A-816A-4C04-8437-27218764AF4C} = {010FA171-036B-49EA-AF8A-3390A286BB08}
		{8AD1F694-00C0-48F1-A62E-BEF6C7191973} = {010FA171-036B-49EA-AF8A-3390A286BB08}
		{3586047D-3A6F-4D03-9313-5EEE12FED889} = {010FA171-036B-49EA-AF8A-3390A286BB08}
		{5F304DC3-3079-4740-93D9-100558787B3C} = {36F46923-2A33-4C75-AE68-1179213BDBFE}
		{6F2ECF54-2D74-4AE2-AE67-168508EB440C} = {36F46923-2A33-4C75-AE68-1179213BDBFE}
		{D7AFB665-C29C-46F2-80F4-8A1A7786E930} = {36F46923-2A33-4C75-AE68-1179213BDBFE}
		{D19D5CB1-6D93-4240-8F4C-C890EE79EEFC} = {FFC7BCF7-B978-48F0-96A6-52449EA237EE}
		{08FF8F52-2928-4930-A1BA-9970881E39E7} = {FFC7BCF7-B978-48F0-96A6-52449EA237EE}
		{98794E96-C76F-4CBA-9EB2-010544966A33} = {FFC7BCF7-B978-48F0-96A6-52449EA237EE}
		{E328B8BD-AB1F-424D-8BDD-F5E1BB0E6A6F} = {ECE01538-5758-4F69-AB65-754F53D2D432}
		{035E0B5A-777A-4550-A523-B4A8341F95F4} = {ECE01538-5758-4F69-AB65-754F53D2D432}
		{7976C8AE-3A9D-4A99-8D10-352499DDD537} = {ECE01538-5758-4F69-AB65-754F53D2D432}
		{5FC406DB-240D-4923-AD47-F015669333BE} = {77FD9EC4-B92A-4C13-A24B-7DEBBCAE303B}
		{6C81B28D-C1E2-4757-9A4D-57F4CF0D9C16} = {77FD9EC4-B92A-4C13-A24B-7DEBBCAE303B}
		{DA54F7F6-6095-4B9C-916E-6606F0474A92} = {77FD9EC4-B92A-4C13-A24B-7DEBBCAE303B}
		{E7FF8214-B4F1-4D4D-B3A1-93D5D2E310CC} = {6252240C-7F10-4B4B-B755-D35D6145913C}
		{59020E47-81F5-454E-A07C-23758145BCE4} = {6252240C-7F10-4B4B-B755-D35D6145913C}
		{9164942F-27F8-44D8-B84A-EC9C4B54C9C1} = {6252240C-7F10-4B4B-B755-D35D6145913C}
	EndGlobalSection
	GlobalSection(ExtensibilityGlobals) = postSolution
		SolutionGuid = {3A5141E0-4C43-40FB-9966-E3DE5C42C8BD}
	EndGlobalSection
EndGlobal
